<Solution>
  <Project Path="BankingApplication.Common.Tests/BankingApplication.Common.Tests.csproj" Id="a4714486-c1f9-4091-bb59-5e87f76d55a8" />
  <Project Path="BankingApplication.Common/BankingApplication.Common.csproj" />
  <Project Path="BankingApplication/BankingApplication.csproj" />
</Solution>
